
Microsoft Visual Studio Solution File, Format Version 12.00
# Visual Studio Version 16
VisualStudioVersion = 16.0.30523.141
MinimumVisualStudioVersion = 10.0.40219.1
Project("{FAE04EC0-301F-11D3-BF4B-00C04F79EFBC}") = "Problemele cu secvente", "Problemele cu secvente.csproj", "{1630382E-0B2F-44AF-9292-DDD9FEDDEBAD}"
EndProject
Global
	GlobalSection(SolutionConfigurationPlatforms) = preSolution
		Debug|Any CPU = Debug|Any CPU
		Release|Any CPU = Release|Any CPU
	EndGlobalSection
	GlobalSection(ProjectConfigurationPlatforms) = postSolution
		{1630382E-0B2F-44AF-9292-DDD9FEDDEBAD}.Debug|Any CPU.ActiveCfg = Debug|Any CPU
		{1630382E-0B2F-44AF-9292-DDD9FEDDEBAD}.Debug|Any CPU.Build.0 = Debug|Any CPU
		{1630382E-0B2F-44AF-9292-DDD9FEDDEBAD}.Release|Any CPU.ActiveCfg = Release|Any CPU
		{1630382E-0B2F-44AF-9292-DDD9FEDDEBAD}.Release|Any CPU.Build.0 = Release|Any CPU
	EndGlobalSection
	GlobalSection(SolutionProperties) = preSolution
		HideSolutionNode = FALSE
	EndGlobalSection
	GlobalSection(ExtensibilityGlobals) = postSolution
		SolutionGuid = {25752DFF-5A8F-4A15-9453-F98B487F85D3}
	EndGlobalSection
EndGlobal
